
Microsoft Visual Studio Solution File, Format Version 12.00
# Visual Studio Version 17
VisualStudioVersion = 17.14.36616.10
MinimumVisualStudioVersion = 10.0.40219.1
Project("{2150E333-8FDC-42A3-9474-1A3956D46DE8}") = "Task0", "Task0", "{02EA681E-C7D8-13C7-8484-4AC65E1B71E8}"
EndProject
Project("{FAE04EC0-301F-11D3-BF4B-00C04F79EFBC}") = "Tyuiu.MertsKV.Sprint4.Task0.V15", "Tyuiu.MertsKV.Sprint4.Task0.V15\Tyuiu.MertsKV.Sprint4.Task0.V15.csproj", "{41016328-B5EA-44DA-A3CB-88A2114A7AFC}"
EndProject
Project("{FAE04EC0-301F-11D3-BF4B-00C04F79EFBC}") = "Tyuiu.MertsKV.Sprint4.Task0.V15.Lib", "Tyuiu.MertsKV.Sprint4.Task0.V15.Lib\Tyuiu.MertsKV.Sprint4.Task0.V15.Lib.csproj", "{CC33DF37-365A-41BD-A970-339D1E36D107}"
EndProject
Project("{FAE04EC0-301F-11D3-BF4B-00C04F79EFBC}") = "Tyuiu.MertsKV.Sprint4.Task0.V15.Test", "Tyuiu.MertsKV.Sprint4.Task0.V15.Test\Tyuiu.MertsKV.Sprint4.Task0.V15.Test.csproj", "{216D14FF-87E3-4FB5-B36E-F011C39B5AEF}"
EndProject
Project("{2150E333-8FDC-42A3-9474-1A3956D46DE8}") = "Task1", "Task1", "{853AF8E9-E70B-4751-86B2-B6F58AB25CF7}"
EndProject
Project("{FAE04EC0-301F-11D3-BF4B-00C04F79EFBC}") = "Tyuiu.MertsKV.Sprint4.Task1.V10", "Tyuiu.MertsKV.Sprint4.Task1.V10\Tyuiu.MertsKV.Sprint4.Task1.V10.csproj", "{F4979CFA-B888-48B7-B09A-D190FFDB24A5}"
EndProject
Project("{FAE04EC0-301F-11D3-BF4B-00C04F79EFBC}") = "Tyuiu.MertsKV.Sprint4.Task1.V10.Lib", "Tyuiu.MertsKV.Sprint4.Task1.V10.Lib\Tyuiu.MertsKV.Sprint4.Task1.V10.Lib.csproj", "{387F64C1-0B37-4F7E-848A-6DCF66411E8F}"
EndProject
Project("{FAE04EC0-301F-11D3-BF4B-00C04F79EFBC}") = "Tyuiu.MertsKV.Sprint4.Task1.V10.Test", "Tyuiu.MertsKV.Sprint4.Task1.V10.Test\Tyuiu.MertsKV.Sprint4.Task1.V10.Test.csproj", "{4270ED3A-E333-4CFA-8B9C-2F7F4B167589}"
EndProject
Project("{2150E333-8FDC-42A3-9474-1A3956D46DE8}") = "Task2", "Task2", "{C4AC71AE-C6F7-4728-BAEA-59D6B809F6CA}"
EndProject
Project("{FAE04EC0-301F-11D3-BF4B-00C04F79EFBC}") = "Tyuiu.MertsKV.Sprint4.Task2.V16", "Tyuiu.MertsKV.Sprint4.Task2.V16\Tyuiu.MertsKV.Sprint4.Task2.V16.csproj", "{D16945A7-E139-4372-A998-A707124FB26C}"
EndProject
Project("{FAE04EC0-301F-11D3-BF4B-00C04F79EFBC}") = "Tyuiu.MertsKV.Sprint4.Task2.V16.Lib", "Tyuiu.MertsKV.Sprint4.Task2.V16.Lib\Tyuiu.MertsKV.Sprint4.Task2.V16.Lib.csproj", "{6A6924DE-37FD-4447-93A6-EEB60ECD4177}"
EndProject
Project("{FAE04EC0-301F-11D3-BF4B-00C04F79EFBC}") = "Tyuiu.MertsKV.Sprint4.Task2.V16.Test", "Tyuiu.MertsKV.Sprint4.Task2.V16.Test\Tyuiu.MertsKV.Sprint4.Task2.V16.Test.csproj", "{722A9EE5-E91D-4B3E-8EE4-0EC367D518C9}"
EndProject
Project("{2150E333-8FDC-42A3-9474-1A3956D46DE8}") = "Task3", "Task3", "{D568DA15-5F86-428C-818E-2A9471A55094}"
EndProject
Project("{FAE04EC0-301F-11D3-BF4B-00C04F79EFBC}") = "Tyuiu.MertsKV.Sprint4.Task3.V23", "Tyuiu.MertsKV.Sprint4.Task3.V23\Tyuiu.MertsKV.Sprint4.Task3.V23.csproj", "{393B5B84-05EB-4E83-8DEE-B0B7AAFC8820}"
EndProject
Project("{FAE04EC0-301F-11D3-BF4B-00C04F79EFBC}") = "Tyuiu.MertsKV.Sprint4.Task3.V23.Lib", "Tyuiu.MertsKV.Sprint4.Task3.V23.Lib\Tyuiu.MertsKV.Sprint4.Task3.V23.Lib.csproj", "{E76FB599-7A8B-4E60-A964-C0DD003C5CF3}"
EndProject
Project("{FAE04EC0-301F-11D3-BF4B-00C04F79EFBC}") = "Tyuiu.MertsKV.Sprint4.Task3.V23.Test", "Tyuiu.MertsKV.Sprint4.Task3.V23.Test\Tyuiu.MertsKV.Sprint4.Task3.V23.Test.csproj", "{BC1512E2-C83E-47AD-99AF-43AD33C2DEEC}"
EndProject
Project("{2150E333-8FDC-42A3-9474-1A3956D46DE8}") = "Task4", "Task4", "{6CFED6F8-848D-4B71-BE1F-F47288F26481}"
EndProject
Project("{FAE04EC0-301F-11D3-BF4B-00C04F79EFBC}") = "Tyuiu.MertsKV.Sprint4.Task4.V27", "Tyuiu.MertsKV.Sprint4.Task4.V27\Tyuiu.MertsKV.Sprint4.Task4.V27.csproj", "{C7F0A8E2-8DC9-4E91-B317-5D7BC6673896}"
EndProject
Project("{FAE04EC0-301F-11D3-BF4B-00C04F79EFBC}") = "Tyuiu.MertsKV.Sprint4.Task4.V27.Lib", "Tyuiu.MertsKV.Sprint4.Task4.V27.Lib\Tyuiu.MertsKV.Sprint4.Task4.V27.Lib.csproj", "{24428226-2712-4E25-BB27-744C8B479BF9}"
EndProject
Project("{FAE04EC0-301F-11D3-BF4B-00C04F79EFBC}") = "Tyuiu.MertsKV.Sprint4.Task4.V27.Test", "Tyuiu.MertsKV.Sprint4.Task4.V27.Test\Tyuiu.MertsKV.Sprint4.Task4.V27.Test.csproj", "{380B469F-39D1-4117-92D3-1A65081830C7}"
EndProject
Global
	GlobalSection(SolutionConfigurationPlatforms) = preSolution
		Debug|Any CPU = Debug|Any CPU
		Release|Any CPU = Release|Any CPU
	EndGlobalSection
	GlobalSection(ProjectConfigurationPlatforms) = postSolution
		{41016328-B5EA-44DA-A3CB-88A2114A7AFC}.Debug|Any CPU.ActiveCfg = Debug|Any CPU
		{41016328-B5EA-44DA-A3CB-88A2114A7AFC}.Debug|Any CPU.Build.0 = Debug|Any CPU
		{41016328-B5EA-44DA-A3CB-88A2114A7AFC}.Release|Any CPU.ActiveCfg = Release|Any CPU
		{41016328-B5EA-44DA-A3CB-88A2114A7AFC}.Release|Any CPU.Build.0 = Release|Any CPU
		{CC33DF37-365A-41BD-A970-339D1E36D107}.Debug|Any CPU.ActiveCfg = Debug|Any CPU
		{CC33DF37-365A-41BD-A970-339D1E36D107}.Debug|Any CPU.Build.0 = Debug|Any CPU
		{CC33DF37-365A-41BD-A970-339D1E36D107}.Release|Any CPU.ActiveCfg = Release|Any CPU
		{CC33DF37-365A-41BD-A970-339D1E36D107}.Release|Any CPU.Build.0 = Release|Any CPU
		{216D14FF-87E3-4FB5-B36E-F011C39B5AEF}.Debug|Any CPU.ActiveCfg = Debug|Any CPU
		{216D14FF-87E3-4FB5-B36E-F011C39B5AEF}.Debug|Any CPU.Build.0 = Debug|Any CPU
		{216D14FF-87E3-4FB5-B36E-F011C39B5AEF}.Release|Any CPU.ActiveCfg = Release|Any CPU
		{216D14FF-87E3-4FB5-B36E-F011C39B5AEF}.Release|Any CPU.Build.0 = Release|Any CPU
		{F4979CFA-B888-48B7-B09A-D190FFDB24A5}.Debug|Any CPU.ActiveCfg = Debug|Any CPU
		{F4979CFA-B888-48B7-B09A-D190FFDB24A5}.Debug|Any CPU.Build.0 = Debug|Any CPU
		{F4979CFA-B888-48B7-B09A-D190FFDB24A5}.Release|Any CPU.ActiveCfg = Release|Any CPU
		{F4979CFA-B888-48B7-B09A-D190FFDB24A5}.Release|Any CPU.Build.0 = Release|Any CPU
		{387F64C1-0B37-4F7E-848A-6DCF66411E8F}.Debug|Any CPU.ActiveCfg = Debug|Any CPU
		{387F64C1-0B37-4F7E-848A-6DCF66411E8F}.Debug|Any CPU.Build.0 = Debug|Any CPU
		{387F64C1-0B37-4F7E-848A-6DCF66411E8F}.Release|Any CPU.ActiveCfg = Release|Any CPU
		{387F64C1-0B37-4F7E-848A-6DCF66411E8F}.Release|Any CPU.Build.0 = Release|Any CPU
		{4270ED3A-E333-4CFA-8B9C-2F7F4B167589}.Debug|Any CPU.ActiveCfg = Debug|Any CPU
		{4270ED3A-E333-4CFA-8B9C-2F7F4B167589}.Debug|Any CPU.Build.0 = Debug|Any CPU
		{4270ED3A-E333-4CFA-8B9C-2F7F4B167589}.Release|Any CPU.ActiveCfg = Release|Any CPU
		{4270ED3A-E333-4CFA-8B9C-2F7F4B167589}.Release|Any CPU.Build.0 = Release|Any CPU
		{D16945A7-E139-4372-A998-A707124FB26C}.Debug|Any CPU.ActiveCfg = Debug|Any CPU
		{D16945A7-E139-4372-A998-A707124FB26C}.Debug|Any CPU.Build.0 = Debug|Any CPU
		{D16945A7-E139-4372-A998-A707124FB26C}.Release|Any CPU.ActiveCfg = Release|Any CPU
		{D16945A7-E139-4372-A998-A707124FB26C}.Release|Any CPU.Build.0 = Release|Any CPU
		{6A6924DE-37FD-4447-93A6-EEB60ECD4177}.Debug|Any CPU.ActiveCfg = Debug|Any CPU
		{6A6924DE-37FD-4447-93A6-EEB60ECD4177}.Debug|Any CPU.Build.0 = Debug|Any CPU
		{6A6924DE-37FD-4447-93A6-EEB60ECD4177}.Release|Any CPU.ActiveCfg = Release|Any CPU
		{6A6924DE-37FD-4447-93A6-EEB60ECD4177}.Release|Any CPU.Build.0 = Release|Any CPU
		{722A9EE5-E91D-4B3E-8EE4-0EC367D518C9}.Debug|Any CPU.ActiveCfg = Debug|Any CPU
		{722A9EE5-E91D-4B3E-8EE4-0EC367D518C9}.Debug|Any CPU.Build.0 = Debug|Any CPU
		{722A9EE5-E91D-4B3E-8EE4-0EC367D518C9}.Release|Any CPU.ActiveCfg = Release|Any CPU
		{722A9EE5-E91D-4B3E-8EE4-0EC367D518C9}.Release|Any CPU.Build.0 = Release|Any CPU
		{393B5B84-05EB-4E83-8DEE-B0B7AAFC8820}.Debug|Any CPU.ActiveCfg = Debug|Any CPU
		{393B5B84-05EB-4E83-8DEE-B0B7AAFC8820}.Debug|Any CPU.Build.0 = Debug|Any CPU
		{393B5B84-05EB-4E83-8DEE-B0B7AAFC8820}.Release|Any CPU.ActiveCfg = Release|Any CPU
		{393B5B84-05EB-4E83-8DEE-B0B7AAFC8820}.Release|Any CPU.Build.0 = Release|Any CPU
		{E76FB599-7A8B-4E60-A964-C0DD003C5CF3}.Debug|Any CPU.ActiveCfg = Debug|Any CPU
		{E76FB599-7A8B-4E60-A964-C0DD003C5CF3}.Debug|Any CPU.Build.0 = Debug|Any CPU
		{E76FB599-7A8B-4E60-A964-C0DD003C5CF3}.Release|Any CPU.ActiveCfg = Release|Any CPU
		{E76FB599-7A8B-4E60-A964-C0DD003C5CF3}.Release|Any CPU.Build.0 = Release|Any CPU
		{BC1512E2-C83E-47AD-99AF-43AD33C2DEEC}.Debug|Any CPU.ActiveCfg = Debug|Any CPU
		{BC1512E2-C83E-47AD-99AF-43AD33C2DEEC}.Debug|Any CPU.Build.0 = Debug|Any CPU
		{BC1512E2-C83E-47AD-99AF-43AD33C2DEEC}.Release|Any CPU.ActiveCfg = Release|Any CPU
		{BC1512E2-C83E-47AD-99AF-43AD33C2DEEC}.Release|Any CPU.Build.0 = Release|Any CPU
		{C7F0A8E2-8DC9-4E91-B317-5D7BC6673896}.Debug|Any CPU.ActiveCfg = Debug|Any CPU
		{C7F0A8E2-8DC9-4E91-B317-5D7BC6673896}.Debug|Any CPU.Build.0 = Debug|Any CPU
		{C7F0A8E2-8DC9-4E91-B317-5D7BC6673896}.Release|Any CPU.ActiveCfg = Release|Any CPU
		{C7F0A8E2-8DC9-4E91-B317-5D7BC6673896}.Release|Any CPU.Build.0 = Release|Any CPU
		{24428226-2712-4E25-BB27-744C8B479BF9}.Debug|Any CPU.ActiveCfg = Debug|Any CPU
		{24428226-2712-4E25-BB27-744C8B479BF9}.Debug|Any CPU.Build.0 = Debug|Any CPU
		{24428226-2712-4E25-BB27-744C8B479BF9}.Release|Any CPU.ActiveCfg = Release|Any CPU
		{24428226-2712-4E25-BB27-744C8B479BF9}.Release|Any CPU.Build.0 = Release|Any CPU
		{380B469F-39D1-4117-92D3-1A65081830C7}.Debug|Any CPU.ActiveCfg = Debug|Any CPU
		{380B469F-39D1-4117-92D3-1A65081830C7}.Debug|Any CPU.Build.0 = Debug|Any CPU
		{380B469F-39D1-4117-92D3-1A65081830C7}.Release|Any CPU.ActiveCfg = Release|Any CPU
		{380B469F-39D1-4117-92D3-1A65081830C7}.Release|Any CPU.Build.0 = Release|Any CPU
	EndGlobalSection
	GlobalSection(SolutionProperties) = preSolution
		HideSolutionNode = FALSE
	EndGlobalSection
	GlobalSection(NestedProjects) = preSolution
		{41016328-B5EA-44DA-A3CB-88A2114A7AFC} = {02EA681E-C7D8-13C7-8484-4AC65E1B71E8}
		{CC33DF37-365A-41BD-A970-339D1E36D107} = {02EA681E-C7D8-13C7-8484-4AC65E1B71E8}
		{216D14FF-87E3-4FB5-B36E-F011C39B5AEF} = {02EA681E-C7D8-13C7-8484-4AC65E1B71E8}
		{F4979CFA-B888-48B7-B09A-D190FFDB24A5} = {853AF8E9-E70B-4751-86B2-B6F58AB25CF7}
		{387F64C1-0B37-4F7E-848A-6DCF66411E8F} = {853AF8E9-E70B-4751-86B2-B6F58AB25CF7}
		{4270ED3A-E333-4CFA-8B9C-2F7F4B167589} = {853AF8E9-E70B-4751-86B2-B6F58AB25CF7}
		{D16945A7-E139-4372-A998-A707124FB26C} = {C4AC71AE-C6F7-4728-BAEA-59D6B809F6CA}
		{6A6924DE-37FD-4447-93A6-EEB60ECD4177} = {C4AC71AE-C6F7-4728-BAEA-59D6B809F6CA}
		{722A9EE5-E91D-4B3E-8EE4-0EC367D518C9} = {C4AC71AE-C6F7-4728-BAEA-59D6B809F6CA}
		{393B5B84-05EB-4E83-8DEE-B0B7AAFC8820} = {D568DA15-5F86-428C-818E-2A9471A55094}
		{E76FB599-7A8B-4E60-A964-C0DD003C5CF3} = {D568DA15-5F86-428C-818E-2A9471A55094}
		{BC1512E2-C83E-47AD-99AF-43AD33C2DEEC} = {D568DA15-5F86-428C-818E-2A9471A55094}
		{C7F0A8E2-8DC9-4E91-B317-5D7BC6673896} = {6CFED6F8-848D-4B71-BE1F-F47288F26481}
		{24428226-2712-4E25-BB27-744C8B479BF9} = {6CFED6F8-848D-4B71-BE1F-F47288F26481}
		{380B469F-39D1-4117-92D3-1A65081830C7} = {6CFED6F8-848D-4B71-BE1F-F47288F26481}
	EndGlobalSection
	GlobalSection(ExtensibilityGlobals) = postSolution
		SolutionGuid = {4BA99D37-CBA4-40F8-AC96-3F50B5FCD792}
	EndGlobalSection
EndGlobal
